
Microsoft Visual Studio Solution File, Format Version 12.00
# Visual Studio 15
VisualStudioVersion = 15.0.26403.7
MinimumVisualStudioVersion = 10.0.40219.1
Project("{FAE04EC0-301F-11D3-BF4B-00C04F79EFBC}") = "Xamarin.Sample.Android", "Xamarin.Sample\Xamarin.Sample.Android\Xamarin.Sample.Android.csproj", "{0CFBC1E2-599E-44DD-9CA3-7BAAB18A19D4}"
EndProject
Project("{FAE04EC0-301F-11D3-BF4B-00C04F79EFBC}") = "Xamarin.Sample", "Xamarin.Sample\Xamarin.Sample\Xamarin.Sample.csproj", "{404662C6-5E34-42D8-80FA-42E29A076365}"
EndProject
Project("{FAE04EC0-301F-11D3-BF4B-00C04F79EFBC}") = "Xamarin.Sample.AdMob", "Xamarin.Sample.AdMob\Xamarin.Sample.AdMob.csproj", "{9D5BF653-4B63-434B-8DBF-BC7BD8566AAF}"
EndProject
Project("{FAE04EC0-301F-11D3-BF4B-00C04F79EFBC}") = "Xamarin.Sample.Common", "Xamarin.Sample.Common\Xamarin.Sample.Common.csproj", "{2EF232F6-8DC9-467A-B7D6-41419F3C986C}"
EndProject
Global
	GlobalSection(SolutionConfigurationPlatforms) = preSolution
		Ad-Hoc|Any CPU = Ad-Hoc|Any CPU
		Ad-Hoc|iPhone = Ad-Hoc|iPhone
		Ad-Hoc|iPhoneSimulator = Ad-Hoc|iPhoneSimulator
		AppStore|Any CPU = AppStore|Any CPU
		AppStore|iPhone = AppStore|iPhone
		AppStore|iPhoneSimulator = AppStore|iPhoneSimulator
		Debug|Any CPU = Debug|Any CPU
		Debug|iPhone = Debug|iPhone
		Debug|iPhoneSimulator = Debug|iPhoneSimulator
		Release|Any CPU = Release|Any CPU
		Release|iPhone = Release|iPhone
		Release|iPhoneSimulator = Release|iPhoneSimulator
	EndGlobalSection
	GlobalSection(ProjectConfigurationPlatforms) = postSolution
		{0CFBC1E2-599E-44DD-9CA3-7BAAB18A19D4}.Ad-Hoc|Any CPU.ActiveCfg = Release|Any CPU
		{0CFBC1E2-599E-44DD-9CA3-7BAAB18A19D4}.Ad-Hoc|Any CPU.Build.0 = Release|Any CPU
		{0CFBC1E2-599E-44DD-9CA3-7BAAB18A19D4}.Ad-Hoc|Any CPU.Deploy.0 = Release|Any CPU
		{0CFBC1E2-599E-44DD-9CA3-7BAAB18A19D4}.Ad-Hoc|iPhone.ActiveCfg = Release|Any CPU
		{0CFBC1E2-599E-44DD-9CA3-7BAAB18A19D4}.Ad-Hoc|iPhone.Build.0 = Release|Any CPU
		{0CFBC1E2-599E-44DD-9CA3-7BAAB18A19D4}.Ad-Hoc|iPhone.Deploy.0 = Release|Any CPU
		{0CFBC1E2-599E-44DD-9CA3-7BAAB18A19D4}.Ad-Hoc|iPhoneSimulator.ActiveCfg = Release|Any CPU
		{0CFBC1E2-599E-44DD-9CA3-7BAAB18A19D4}.Ad-Hoc|iPhoneSimulator.Build.0 = Release|Any CPU
		{0CFBC1E2-599E-44DD-9CA3-7BAAB18A19D4}.Ad-Hoc|iPhoneSimulator.Deploy.0 = Release|Any CPU
		{0CFBC1E2-599E-44DD-9CA3-7BAAB18A19D4}.AppStore|Any CPU.ActiveCfg = Release|Any CPU
		{0CFBC1E2-599E-44DD-9CA3-7BAAB18A19D4}.AppStore|Any CPU.Build.0 = Release|Any CPU
		{0CFBC1E2-599E-44DD-9CA3-7BAAB18A19D4}.AppStore|Any CPU.Deploy.0 = Release|Any CPU
		{0CFBC1E2-599E-44DD-9CA3-7BAAB18A19D4}.AppStore|iPhone.ActiveCfg = Release|Any CPU
		{0CFBC1E2-599E-44DD-9CA3-7BAAB18A19D4}.AppStore|iPhone.Build.0 = Release|Any CPU
		{0CFBC1E2-599E-44DD-9CA3-7BAAB18A19D4}.AppStore|iPhone.Deploy.0 = Release|Any CPU
		{0CFBC1E2-599E-44DD-9CA3-7BAAB18A19D4}.AppStore|iPhoneSimulator.ActiveCfg = Release|Any CPU
		{0CFBC1E2-599E-44DD-9CA3-7BAAB18A19D4}.AppStore|iPhoneSimulator.Build.0 = Release|Any CPU
		{0CFBC1E2-599E-44DD-9CA3-7BAAB18A19D4}.AppStore|iPhoneSimulator.Deploy.0 = Release|Any CPU
		{0CFBC1E2-599E-44DD-9CA3-7BAAB18A19D4}.Debug|Any CPU.ActiveCfg = Debug|Any CPU
		{0CFBC1E2-599E-44DD-9CA3-7BAAB18A19D4}.Debug|Any CPU.Build.0 = Debug|Any CPU
		{0CFBC1E2-599E-44DD-9CA3-7BAAB18A19D4}.Debug|Any CPU.Deploy.0 = Debug|Any CPU
		{0CFBC1E2-599E-44DD-9CA3-7BAAB18A19D4}.Debug|iPhone.ActiveCfg = Debug|Any CPU
		{0CFBC1E2-599E-44DD-9CA3-7BAAB18A19D4}.Debug|iPhone.Build.0 = Debug|Any CPU
		{0CFBC1E2-599E-44DD-9CA3-7BAAB18A19D4}.Debug|iPhone.Deploy.0 = Debug|Any CPU
		{0CFBC1E2-599E-44DD-9CA3-7BAAB18A19D4}.Debug|iPhoneSimulator.ActiveCfg = Debug|Any CPU
		{0CFBC1E2-599E-44DD-9CA3-7BAAB18A19D4}.Debug|iPhoneSimulator.Build.0 = Debug|Any CPU
		{0CFBC1E2-599E-44DD-9CA3-7BAAB18A19D4}.Debug|iPhoneSimulator.Deploy.0 = Debug|Any CPU
		{0CFBC1E2-599E-44DD-9CA3-7BAAB18A19D4}.Release|Any CPU.ActiveCfg = Release|Any CPU
		{0CFBC1E2-599E-44DD-9CA3-7BAAB18A19D4}.Release|Any CPU.Build.0 = Release|Any CPU
		{0CFBC1E2-599E-44DD-9CA3-7BAAB18A19D4}.Release|Any CPU.Deploy.0 = Release|Any CPU
		{0CFBC1E2-599E-44DD-9CA3-7BAAB18A19D4}.Release|iPhone.ActiveCfg = Release|Any CPU
		{0CFBC1E2-599E-44DD-9CA3-7BAAB18A19D4}.Release|iPhone.Build.0 = Release|Any CPU
		{0CFBC1E2-599E-44DD-9CA3-7BAAB18A19D4}.Release|iPhone.Deploy.0 = Release|Any CPU
		{0CFBC1E2-599E-44DD-9CA3-7BAAB18A19D4}.Release|iPhoneSimulator.ActiveCfg = Release|Any CPU
		{0CFBC1E2-599E-44DD-9CA3-7BAAB18A19D4}.Release|iPhoneSimulator.Build.0 = Release|Any CPU
		{0CFBC1E2-599E-44DD-9CA3-7BAAB18A19D4}.Release|iPhoneSimulator.Deploy.0 = Release|Any CPU
		{404662C6-5E34-42D8-80FA-42E29A076365}.Ad-Hoc|Any CPU.ActiveCfg = Release|Any CPU
		{404662C6-5E34-42D8-80FA-42E29A076365}.Ad-Hoc|Any CPU.Build.0 = Release|Any CPU
		{404662C6-5E34-42D8-80FA-42E29A076365}.Ad-Hoc|iPhone.ActiveCfg = Release|Any CPU
		{404662C6-5E34-42D8-80FA-42E29A076365}.Ad-Hoc|iPhone.Build.0 = Release|Any CPU
		{404662C6-5E34-42D8-80FA-42E29A076365}.Ad-Hoc|iPhoneSimulator.ActiveCfg = Release|Any CPU
		{404662C6-5E34-42D8-80FA-42E29A076365}.Ad-Hoc|iPhoneSimulator.Build.0 = Release|Any CPU
		{404662C6-5E34-42D8-80FA-42E29A076365}.AppStore|Any CPU.ActiveCfg = Release|Any CPU
		{404662C6-5E34-42D8-80FA-42E29A076365}.AppStore|Any CPU.Build.0 = Release|Any CPU
		{404662C6-5E34-42D8-80FA-42E29A076365}.AppStore|iPhone.ActiveCfg = Release|Any CPU
		{404662C6-5E34-42D8-80FA-42E29A076365}.AppStore|iPhone.Build.0 = Release|Any CPU
		{404662C6-5E34-42D8-80FA-42E29A076365}.AppStore|iPhoneSimulator.ActiveCfg = Release|Any CPU
		{404662C6-5E34-42D8-80FA-42E29A076365}.AppStore|iPhoneSimulator.Build.0 = Release|Any CPU
		{404662C6-5E34-42D8-80FA-42E29A076365}.Debug|Any CPU.ActiveCfg = Debug|Any CPU
		{404662C6-5E34-42D8-80FA-42E29A076365}.Debug|Any CPU.Build.0 = Debug|Any CPU
		{404662C6-5E34-42D8-80FA-42E29A076365}.Debug|iPhone.ActiveCfg = Debug|Any CPU
		{404662C6-5E34-42D8-80FA-42E29A076365}.Debug|iPhone.Build.0 = Debug|Any CPU
		{404662C6-5E34-42D8-80FA-42E29A076365}.Debug|iPhoneSimulator.ActiveCfg = Debug|Any CPU
		{404662C6-5E34-42D8-80FA-42E29A076365}.Debug|iPhoneSimulator.Build.0 = Debug|Any CPU
		{404662C6-5E34-42D8-80FA-42E29A076365}.Release|Any CPU.ActiveCfg = Release|Any CPU
		{404662C6-5E34-42D8-80FA-42E29A076365}.Release|Any CPU.Build.0 = Release|Any CPU
		{404662C6-5E34-42D8-80FA-42E29A076365}.Release|iPhone.ActiveCfg = Release|Any CPU
		{404662C6-5E34-42D8-80FA-42E29A076365}.Release|iPhone.Build.0 = Release|Any CPU
		{404662C6-5E34-42D8-80FA-42E29A076365}.Release|iPhoneSimulator.ActiveCfg = Release|Any CPU
		{404662C6-5E34-42D8-80FA-42E29A076365}.Release|iPhoneSimulator.Build.0 = Release|Any CPU
		{9D5BF653-4B63-434B-8DBF-BC7BD8566AAF}.Ad-Hoc|Any CPU.ActiveCfg = Release|Any CPU
		{9D5BF653-4B63-434B-8DBF-BC7BD8566AAF}.Ad-Hoc|Any CPU.Build.0 = Release|Any CPU
		{9D5BF653-4B63-434B-8DBF-BC7BD8566AAF}.Ad-Hoc|iPhone.ActiveCfg = Release|Any CPU
		{9D5BF653-4B63-434B-8DBF-BC7BD8566AAF}.Ad-Hoc|iPhone.Build.0 = Release|Any CPU
		{9D5BF653-4B63-434B-8DBF-BC7BD8566AAF}.Ad-Hoc|iPhoneSimulator.ActiveCfg = Release|Any CPU
		{9D5BF653-4B63-434B-8DBF-BC7BD8566AAF}.Ad-Hoc|iPhoneSimulator.Build.0 = Release|Any CPU
		{9D5BF653-4B63-434B-8DBF-BC7BD8566AAF}.AppStore|Any CPU.ActiveCfg = Release|Any CPU
		{9D5BF653-4B63-434B-8DBF-BC7BD8566AAF}.AppStore|Any CPU.Build.0 = Release|Any CPU
		{9D5BF653-4B63-434B-8DBF-BC7BD8566AAF}.AppStore|iPhone.ActiveCfg = Release|Any CPU
		{9D5BF653-4B63-434B-8DBF-BC7BD8566AAF}.AppStore|iPhone.Build.0 = Release|Any CPU
		{9D5BF653-4B63-434B-8DBF-BC7BD8566AAF}.AppStore|iPhoneSimulator.ActiveCfg = Release|Any CPU
		{9D5BF653-4B63-434B-8DBF-BC7BD8566AAF}.AppStore|iPhoneSimulator.Build.0 = Release|Any CPU
		{9D5BF653-4B63-434B-8DBF-BC7BD8566AAF}.Debug|Any CPU.ActiveCfg = Debug|Any CPU
		{9D5BF653-4B63-434B-8DBF-BC7BD8566AAF}.Debug|Any CPU.Build.0 = Debug|Any CPU
		{9D5BF653-4B63-434B-8DBF-BC7BD8566AAF}.Debug|iPhone.ActiveCfg = Debug|Any CPU
		{9D5BF653-4B63-434B-8DBF-BC7BD8566AAF}.Debug|iPhone.Build.0 = Debug|Any CPU
		{9D5BF653-4B63-434B-8DBF-BC7BD8566AAF}.Debug|iPhoneSimulator.ActiveCfg = Debug|Any CPU
		{9D5BF653-4B63-434B-8DBF-BC7BD8566AAF}.Debug|iPhoneSimulator.Build.0 = Debug|Any CPU
		{9D5BF653-4B63-434B-8DBF-BC7BD8566AAF}.Release|Any CPU.ActiveCfg = Release|Any CPU
		{9D5BF653-4B63-434B-8DBF-BC7BD8566AAF}.Release|Any CPU.Build.0 = Release|Any CPU
		{9D5BF653-4B63-434B-8DBF-BC7BD8566AAF}.Release|iPhone.ActiveCfg = Release|Any CPU
		{9D5BF653-4B63-434B-8DBF-BC7BD8566AAF}.Release|iPhone.Build.0 = Release|Any CPU
		{9D5BF653-4B63-434B-8DBF-BC7BD8566AAF}.Release|iPhoneSimulator.ActiveCfg = Release|Any CPU
		{9D5BF653-4B63-434B-8DBF-BC7BD8566AAF}.Release|iPhoneSimulator.Build.0 = Release|Any CPU
		{2EF232F6-8DC9-467A-B7D6-41419F3C986C}.Ad-Hoc|Any CPU.ActiveCfg = Release|Any CPU
		{2EF232F6-8DC9-467A-B7D6-41419F3C986C}.Ad-Hoc|Any CPU.Build.0 = Release|Any CPU
		{2EF232F6-8DC9-467A-B7D6-41419F3C986C}.Ad-Hoc|iPhone.ActiveCfg = Release|Any CPU
		{2EF232F6-8DC9-467A-B7D6-41419F3C986C}.Ad-Hoc|iPhone.Build.0 = Release|Any CPU
		{2EF232F6-8DC9-467A-B7D6-41419F3C986C}.Ad-Hoc|iPhoneSimulator.ActiveCfg = Release|Any CPU
		{2EF232F6-8DC9-467A-B7D6-41419F3C986C}.Ad-Hoc|iPhoneSimulator.Build.0 = Release|Any CPU
		{2EF232F6-8DC9-467A-B7D6-41419F3C986C}.AppStore|Any CPU.ActiveCfg = Release|Any CPU
		{2EF232F6-8DC9-467A-B7D6-41419F3C986C}.AppStore|Any CPU.Build.0 = Release|Any CPU
		{2EF232F6-8DC9-467A-B7D6-41419F3C986C}.AppStore|iPhone.ActiveCfg = Release|Any CPU
		{2EF232F6-8DC9-467A-B7D6-41419F3C986C}.AppStore|iPhone.Build.0 = Release|Any CPU
		{2EF232F6-8DC9-467A-B7D6-41419F3C986C}.AppStore|iPhoneSimulator.ActiveCfg = Release|Any CPU
		{2EF232F6-8DC9-467A-B7D6-41419F3C986C}.AppStore|iPhoneSimulator.Build.0 = Release|Any CPU
		{2EF232F6-8DC9-467A-B7D6-41419F3C986C}.Debug|Any CPU.ActiveCfg = Debug|Any CPU
		{2EF232F6-8DC9-467A-B7D6-41419F3C986C}.Debug|Any CPU.Build.0 = Debug|Any CPU
		{2EF232F6-8DC9-467A-B7D6-41419F3C986C}.Debug|iPhone.ActiveCfg = Debug|Any CPU
		{2EF232F6-8DC9-467A-B7D6-41419F3C986C}.Debug|iPhone.Build.0 = Debug|Any CPU
		{2EF232F6-8DC9-467A-B7D6-41419F3C986C}.Debug|iPhoneSimulator.ActiveCfg = Debug|Any CPU
		{2EF232F6-8DC9-467A-B7D6-41419F3C986C}.Debug|iPhoneSimulator.Build.0 = Debug|Any CPU
		{2EF232F6-8DC9-467A-B7D6-41419F3C986C}.Release|Any CPU.ActiveCfg = Release|Any CPU
		{2EF232F6-8DC9-467A-B7D6-41419F3C986C}.Release|Any CPU.Build.0 = Release|Any CPU
		{2EF232F6-8DC9-467A-B7D6-41419F3C986C}.Release|iPhone.ActiveCfg = Release|Any CPU
		{2EF232F6-8DC9-467A-B7D6-41419F3C986C}.Release|iPhone.Build.0 = Release|Any CPU
		{2EF232F6-8DC9-467A-B7D6-41419F3C986C}.Release|iPhoneSimulator.ActiveCfg = Release|Any CPU
		{2EF232F6-8DC9-467A-B7D6-41419F3C986C}.Release|iPhoneSimulator.Build.0 = Release|Any CPU
	EndGlobalSection
	GlobalSection(SolutionProperties) = preSolution
		HideSolutionNode = FALSE
	EndGlobalSection
EndGlobal
