
Microsoft Visual Studio Solution File, Format Version 12.00
# Visual Studio 14
VisualStudioVersion = 14.0.25420.1
MinimumVisualStudioVersion = 10.0.40219.1
Project("{2150E333-8FDC-42A3-9474-1A3956D46DE8}") = "src", "src", "{714DB085-A12D-4F55-B61E-C640DB16E573}"
EndProject
Project("{2150E333-8FDC-42A3-9474-1A3956D46DE8}") = "Solution Items", "Solution Items", "{4A4B563F-88A1-4057-A03F-AF601DA7BE74}"
	ProjectSection(SolutionItems) = preProject
		global.json = global.json
	EndProjectSection
EndProject
Project("{8BB2217D-0F2D-49D1-97BC-3654ED321F3B}") = "Logging.Sample.Web", "src\Logging.Sample.Web\Logging.Sample.Web.xproj", "{01609D95-9FED-4918-874D-798F336EC099}"
EndProject
Global
	GlobalSection(SolutionConfigurationPlatforms) = preSolution
		Debug|Any CPU = Debug|Any CPU
		Release|Any CPU = Release|Any CPU
	EndGlobalSection
	GlobalSection(ProjectConfigurationPlatforms) = postSolution
		{01609D95-9FED-4918-874D-798F336EC099}.Debug|Any CPU.ActiveCfg = Debug|Any CPU
		{01609D95-9FED-4918-874D-798F336EC099}.Debug|Any CPU.Build.0 = Debug|Any CPU
		{01609D95-9FED-4918-874D-798F336EC099}.Release|Any CPU.ActiveCfg = Release|Any CPU
		{01609D95-9FED-4918-874D-798F336EC099}.Release|Any CPU.Build.0 = Release|Any CPU
	EndGlobalSection
	GlobalSection(SolutionProperties) = preSolution
		HideSolutionNode = FALSE
	EndGlobalSection
	GlobalSection(NestedProjects) = preSolution
		{01609D95-9FED-4918-874D-798F336EC099} = {714DB085-A12D-4F55-B61E-C640DB16E573}
	EndGlobalSection
EndGlobal
